
Microsoft Visual Studio Solution File, Format Version 11.00
# Visual Studio 2010
Project("{FAE04EC0-301F-11D3-BF4B-00C04F79EFBC}") = "Assembly-CSharp", "Assembly-CSharp.csproj", "{90D1D9D6-02C5-A086-A398-DD307BBBAAEC}"
EndProject
Global
	GlobalSection(SolutionConfigurationPlatforms) = preSolution
		Debug|Any CPU = Debug|Any CPU
		Release|Any CPU = Release|Any CPU
	EndGlobalSection
	GlobalSection(ProjectConfigurationPlatforms) = postSolution
		{90D1D9D6-02C5-A086-A398-DD307BBBAAEC}.Debug|Any CPU.ActiveCfg = Debug|Any CPU
		{90D1D9D6-02C5-A086-A398-DD307BBBAAEC}.Debug|Any CPU.Build.0 = Debug|Any CPU
		{90D1D9D6-02C5-A086-A398-DD307BBBAAEC}.Release|Any CPU.ActiveCfg = Release|Any CPU
		{90D1D9D6-02C5-A086-A398-DD307BBBAAEC}.Release|Any CPU.Build.0 = Release|Any CPU
	EndGlobalSection
	GlobalSection(SolutionProperties) = preSolution
		HideSolutionNode = FALSE
	EndGlobalSection
	GlobalSection(MonoDevelopProperties) = preSolution
		StartupItem = Assembly-CSharp.csproj
	EndGlobalSection
EndGlobal
